Microsoft Visual Studio Solution File, Format Version 12.00
# Visual Studio Version 17
VisualStudioVersion = 17.5.2.0
MinimumVisualStudioVersion = 10.0.40219.1
Project("{FAE04EC0-301F-11D3-BF4B-00C04F79EFBC}") = "MessManagementSystem", "MessManagementSystem.csproj", "{19566A80-8977-5454-0DFB-022F2AC691D2}"
EndProject
Global
	GlobalSection(SolutionConfigurationPlatforms) = preSolution
		Debug|Any CPU = Debug|Any CPU
		Release|Any CPU = Release|Any CPU
	EndGlobalSection
	GlobalSection(ProjectConfigurationPlatforms) = postSolution
		{19566A80-8977-5454-0DFB-022F2AC691D2}.Debug|Any CPU.ActiveCfg = Debug|Any CPU
		{19566A80-8977-5454-0DFB-022F2AC691D2}.Debug|Any CPU.Build.0 = Debug|Any CPU
		{19566A80-8977-5454-0DFB-022F2AC691D2}.Release|Any CPU.ActiveCfg = Release|Any CPU
		{19566A80-8977-5454-0DFB-022F2AC691D2}.Release|Any CPU.Build.0 = Release|Any CPU
	EndGlobalSection
	GlobalSection(SolutionProperties) = preSolution
		HideSolutionNode = FALSE
	EndGlobalSection
	GlobalSection(ExtensibilityGlobals) = postSolution
		SolutionGuid = {867D26CA-1818-40E7-857E-4B45CD71CEDC}
	EndGlobalSection
EndGlobal
